
Microsoft Visual Studio Solution File, Format Version 12.00
# Visual Studio 15
Project("{FAE04EC0-301F-11D3-BF4B-00C04F79EFBC}") = "The House", "Assembly-CSharp-Editor.csproj", "{71EA017F-FAF2-9654-BFCC-2AF19F087331}"
EndProject
Global
	GlobalSection(SolutionConfigurationPlatforms) = preSolution
		Debug|Any CPU = Debug|Any CPU
		Release|Any CPU = Release|Any CPU
	EndGlobalSection
	GlobalSection(ProjectConfigurationPlatforms) = postSolution
		{71EA017F-FAF2-9654-BFCC-2AF19F087331}.Debug|Any CPU.ActiveCfg = Debug|Any CPU
		{71EA017F-FAF2-9654-BFCC-2AF19F087331}.Debug|Any CPU.Build.0 = Debug|Any CPU
		{71EA017F-FAF2-9654-BFCC-2AF19F087331}.Release|Any CPU.ActiveCfg = Release|Any CPU
		{71EA017F-FAF2-9654-BFCC-2AF19F087331}.Release|Any CPU.Build.0 = Release|Any CPU
	EndGlobalSection
	GlobalSection(SolutionProperties) = preSolution
		HideSolutionNode = FALSE
	EndGlobalSection
EndGlobal
