
Microsoft Visual Studio Solution File, Format Version 12.00
# Visual Studio 15
VisualStudioVersion = 15.0.28307.779
MinimumVisualStudioVersion = 10.0.40219.1
Project("{FAE04EC0-301F-11D3-BF4B-00C04F79EFBC}") = "VTN Camera Mode", "VTN Camera Mode\VTN Camera Mode.csproj", "{7387CCE5-0A83-4CFF-B790-D8DCDA05C03C}"
EndProject
Global
	GlobalSection(SolutionConfigurationPlatforms) = preSolution
		Debug|Any CPU = Debug|Any CPU
		Release|Any CPU = Release|Any CPU
	EndGlobalSection
	GlobalSection(ProjectConfigurationPlatforms) = postSolution
		{7387CCE5-0A83-4CFF-B790-D8DCDA05C03C}.Debug|Any CPU.ActiveCfg = Debug|Any CPU
		{7387CCE5-0A83-4CFF-B790-D8DCDA05C03C}.Debug|Any CPU.Build.0 = Debug|Any CPU
		{7387CCE5-0A83-4CFF-B790-D8DCDA05C03C}.Release|Any CPU.ActiveCfg = Release|Any CPU
		{7387CCE5-0A83-4CFF-B790-D8DCDA05C03C}.Release|Any CPU.Build.0 = Release|Any CPU
	EndGlobalSection
	GlobalSection(SolutionProperties) = preSolution
		HideSolutionNode = FALSE
	EndGlobalSection
	GlobalSection(ExtensibilityGlobals) = postSolution
		SolutionGuid = {40CFD867-05EC-4275-B48F-9E100F2BC115}
	EndGlobalSection
EndGlobal
