
Microsoft Visual Studio Solution File, Format Version 12.00
# Visual Studio 15
VisualStudioVersion = 15.0.27703.2026
MinimumVisualStudioVersion = 10.0.40219.1
Project("{FAE04EC0-301F-11D3-BF4B-00C04F79EFBC}") = "BikeMenu UnityProj", "BikeMenu UnityProj.csproj", "{E11CE162-FE5F-4586-A1F4-C2E49ED5D242}"
EndProject
Global
	GlobalSection(SolutionConfigurationPlatforms) = preSolution
		Debug|Any CPU = Debug|Any CPU
		Release|Any CPU = Release|Any CPU
	EndGlobalSection
	GlobalSection(ProjectConfigurationPlatforms) = postSolution
		{E11CE162-FE5F-4586-A1F4-C2E49ED5D242}.Debug|Any CPU.ActiveCfg = Debug|Any CPU
		{E11CE162-FE5F-4586-A1F4-C2E49ED5D242}.Debug|Any CPU.Build.0 = Debug|Any CPU
		{E11CE162-FE5F-4586-A1F4-C2E49ED5D242}.Release|Any CPU.ActiveCfg = Release|Any CPU
		{E11CE162-FE5F-4586-A1F4-C2E49ED5D242}.Release|Any CPU.Build.0 = Release|Any CPU
	EndGlobalSection
	GlobalSection(SolutionProperties) = preSolution
		HideSolutionNode = FALSE
	EndGlobalSection
	GlobalSection(ExtensibilityGlobals) = postSolution
		SolutionGuid = {E54D35B3-6A77-4F0E-8350-5F9E0F2994BD}
	EndGlobalSection
EndGlobal
